// !$*UTF8*$!
{
	archiveVersion = 1;
	classes = {
	};
	objectVersion = 46;
	objects = {

/* Begin PBXBuildFile section */
		31B2E5EE19E95AFA005AA054 /* main.c in Sources */ = {isa = PBXBuildFile; fileRef = 31B2E5ED19E95AFA005AA054 /* main.c */; };
		31B2E5F619E95B22005AA054 /* BlackJack.c in Sources */ = {isa = PBXBuildFile; fileRef = 31B2E5F519E95B22005AA054 /* BlackJack.c */; };
		31B2E5F919E95B3A005AA054 /* Poker.c in Sources */ = {isa = PBXBuildFile; fileRef = 31B2E5F819E95B3A005AA054 /* Poker.c */; };
		31B2E61219ED5189005AA054 /* Functions.c in Sources */ = {isa = PBXBuildFile; fileRef = 31B2E61019ED5189005AA054 /* Functions.c */; };
/* End PBXBuildFile section */

/* Begin PBXCopyFilesBuildPhase section */
		31B2E5E819E95AFA005AA054 /* CopyFiles */ = {
			isa = PBXCopyFilesBuildPhase;
			buildActionMask = 2147483647;
			dstPath = /usr/share/man/man1/;
			dstSubfolderSpec = 0;
			files = (
			);
			runOnlyForDeploymentPostprocessing = 1;
		};
/* End PBXCopyFilesBuildPhase section */

/* Begin PBXFileReference section */
		31B2E5EA19E95AFA005AA054 /* Card Games */ = {isa = PBXFileReference; explicitFileType = "compiled.mach-o.executable"; includeInIndex = 0; path = "Card Games"; sourceTree = BUILT_PRODUCTS_DIR; };
		31B2E5ED19E95AFA005AA054 /* main.c */ = {isa = PBXFileReference; lastKnownFileType = sourcecode.c.c; path = main.c; sourceTree = "<group>"; };
		31B2E5F419E95B12005AA054 /* BlackJack.h */ = {isa = PBXFileReference; lastKnownFileType = sourcecode.c.h; path = BlackJack.h; sourceTree = "<group>"; };
		31B2E5F519E95B22005AA054 /* BlackJack.c */ = {isa = PBXFileReference; fileEncoding = 4; lastKnownFileType = sourcecode.c.c; path = BlackJack.c; sourceTree = "<group>"; };
		31B2E5F719E95B2E005AA054 /* Poker.h */ = {isa = PBXFileReference; lastKnownFileType = sourcecode.c.h; path = Poker.h; sourceTree = "<group>"; };
		31B2E5F819E95B3A005AA054 /* Poker.c */ = {isa = PBXFileReference; fileEncoding = 4; lastKnownFileType = sourcecode.c.c; path = Poker.c; sourceTree = "<group>"; };
		31B2E61019ED5189005AA054 /* Functions.c */ = {isa = PBXFileReference; fileEncoding = 4; lastKnownFileType = sourcecode.c.c; path = Functions.c; sourceTree = "<group>"; };
		31B2E61119ED5189005AA054 /* Functions.h */ = {isa = PBXFileReference; fileEncoding = 4; lastKnownFileType = sourcecode.c.h; path = Functions.h; sourceTree = "<group>"; };
/* End PBXFileReference section */

/* Begin PBXFrameworksBuildPhase section */
		31B2E5E719E95AFA005AA054 /* Frameworks */ = {
			isa = PBXFrameworksBuildPhase;
			buildActionMask = 2147483647;
			files = (
			);
			runOnlyForDeploymentPostprocessing = 0;
		};
/* End PBXFrameworksBuildPhase section */

/* Begin PBXGroup section */
		31B2E5E119E95AFA005AA054 = {
			isa = PBXGroup;
			children = (
				31B2E5EC19E95AFA005AA054 /* Card Games */,
				31B2E5EB19E95AFA005AA054 /* Products */,
			);
			sourceTree = "<group>";
		};
		31B2E5EB19E95AFA005AA054 /* Products */ = {
			isa = PBXGroup;
			children = (
				31B2E5EA19E95AFA005AA054 /* Card Games */,
			);
			name = Products;
			sourceTree = "<group>";
		};
		31B2E5EC19E95AFA005AA054 /* Card Games */ = {
			isa = PBXGroup;
			children = (
				31B2E5ED19E95AFA005AA054 /* main.c */,
				31B2E5F419E95B12005AA054 /* BlackJack.h */,
				31B2E5F519E95B22005AA054 /* BlackJack.c */,
				31B2E61019ED5189005AA054 /* Functions.c */,
				31B2E61119ED5189005AA054 /* Functions.h */,
				31B2E5F719E95B2E005AA054 /* Poker.h */,
				31B2E5F819E95B3A005AA054 /* Poker.c */,
			);
			path = "Card Games";
			sourceTree = "<group>";
		};
/* End PBXGroup section */

/* Begin PBXNativeTarget section */
		31B2E5E919E95AFA005AA054 /* Card Games */ = {
			isa = PBXNativeTarget;
			buildConfigurationList = 31B2E5F119E95AFA005AA054 /* Build configuration list for PBXNativeTarget "Card Games" */;
			buildPhases = (
				31B2E5E619E95AFA005AA054 /* Sources */,
				31B2E5E719E95AFA005AA054 /* Frameworks */,
				31B2E5E819E95AFA005AA054 /* CopyFiles */,
			);
			buildRules = (
			);
			dependencies = (
			);
			name = "Card Games";
			productName = "Card Games";
			productReference = 31B2E5EA19E95AFA005AA054 /* Card Games */;
			productType = "com.apple.product-type.tool";
		};
/* End PBXNativeTarget section */

/* Begin PBXProject section */
		31B2E5E219E95AFA005AA054 /* Project object */ = {
			isa = PBXProject;
			attributes = {
				LastUpgradeCheck = 0600;
				ORGANIZATIONNAME = "Matthew Wojno";
				TargetAttributes = {
					31B2E5E919E95AFA005AA054 = {
						CreatedOnToolsVersion = 6.0.1;
					};
				};
			};
			buildConfigurationList = 31B2E5E519E95AFA005AA054 /* Build configuration list for PBXProject "Card Games" */;
			compatibilityVersion = "Xcode 3.2";
			developmentRegion = English;
			hasScannedForEncodings = 0;
			knownRegions = (
				en,
			);
			mainGroup = 31B2E5E119E95AFA005AA054;
			productRefGroup = 31B2E5EB19E95AFA005AA054 /* Products */;
			projectDirPath = "";
			projectRoot = "";
			targets = (
				31B2E5E919E95AFA005AA054 /* Card Games */,
			);
		};
/* End PBXProject section */

/* Begin PBXSourcesBuildPhase section */
		31B2E5E619E95AFA005AA054 /* Sources */ = {
			isa = PBXSourcesBuildPhase;
			buildActionMask = 2147483647;
			files = (
				31B2E5F919E95B3A005AA054 /* Poker.c in Sources */,
				31B2E61219ED5189005AA054 /* Functions.c in Sources */,
				31B2E5F619E95B22005AA054 /* BlackJack.c in Sources */,
				31B2E5EE19E95AFA005AA054 /* main.c in Sources */,
			);
			runOnlyForDeploymentPostprocessing = 0;
		};
/* End PBXSourcesBuildPhase section */

/* Begin XCBuildConfiguration section */
		31B2E5EF19E95AFA005AA054 /* Debug */ = {
			isa = XCBuildConfiguration;
			buildSettings = {
				ALWAYS_SEARCH_USER_PATHS = NO;
				CLANG_CXX_LANGUAGE_STANDARD = "gnu++0x";
				CLANG_CXX_LIBRARY = "libc++";
				CLANG_ENABLE_MODULES = YES;
				CLANG_ENABLE_OBJC_ARC = YES;
				CLANG_WARN_BOOL_CONVERSION = YES;
				CLANG_WARN_CONSTANT_CONVERSION = YES;
				CLANG_WARN_DIRECT_OBJC_ISA_USAGE = YES_ERROR;
				CLANG_WARN_EMPTY_BODY = YES;
				CLANG_WARN_ENUM_CONVERSION = YES;
				CLANG_WARN_INT_CONVERSION = YES;
				CLANG_WARN_OBJC_ROOT_CLASS = YES_ERROR;
				CLANG_WARN_UNREACHABLE_CODE = YES;
				CLANG_WARN__DUPLICATE_METHOD_MATCH = YES;
				COPY_PHASE_STRIP = NO;
				ENABLE_STRICT_OBJC_MSGSEND = YES;
				GCC_C_LANGUAGE_STANDARD = gnu99;
				GCC_DYNAMIC_NO_PIC = NO;
				GCC_OPTIMIZATION_LEVEL = 0;
				GCC_PREPROCESSOR_DEFINITIONS = (
					"DEBUG=1",
					"$(inherited)",
				);
				GCC_SYMBOLS_PRIVATE_EXTERN = NO;
				GCC_WARN_64_TO_32_BIT_CONVERSION = YES;
				GCC_WARN_ABOUT_RETURN_TYPE = YES_ERROR;
				GCC_WARN_UNDECLARED_SELECTOR = YES;
				GCC_WARN_UNINITIALIZED_AUTOS = YES_AGGRESSIVE;
				GCC_WARN_UNUSED_FUNCTION = YES;
				GCC_WARN_UNUSED_VARIABLE = YES;
				MACOSX_DEPLOYMENT_TARGET = 10.9;
				MTL_ENABLE_DEBUG_INFO = YES;
				ONLY_ACTIVE_ARCH = YES;
				SDKROOT = macosx;
			};
			name = Debug;
		};
		31B2E5F019E95AFA005AA054 /* Release */ = {
			isa = XCBuildConfiguration;
			buildSettings = {
				ALWAYS_SEARCH_USER_PATHS = NO;
				CLANG_CXX_LANGUAGE_STANDARD = "gnu++0x";
				CLANG_CXX_LIBRARY = "libc++";
				CLANG_ENABLE_MODULES = YES;
				CLANG_ENABLE_OBJC_ARC = YES;
				CLANG_WARN_BOOL_CONVERSION = YES;
				CLANG_WARN_CONSTANT_CONVERSION = YES;
				CLANG_WARN_DIRECT_OBJC_ISA_USAGE = YES_ERROR;
				CLANG_WARN_EMPTY_BODY = YES;
				CLANG_WARN_ENUM_CONVERSION = YES;
				CLANG_WARN_INT_CONVERSION = YES;
				CLANG_WARN_OBJC_ROOT_CLASS = YES_ERROR;
				CLANG_WARN_UNREACHABLE_CODE = YES;
				CLANG_WARN__DUPLICATE_METHOD_MATCH = YES;
				COPY_PHASE_STRIP = YES;
				DEBUG_INFORMATION_FORMAT = "dwarf-with-dsym";
				ENABLE_NS_ASSERTIONS = NO;
				ENABLE_STRICT_OBJC_MSGSEND = YES;
				GCC_C_LANGUAGE_STANDARD = gnu99;
				GCC_WARN_64_TO_32_BIT_CONVERSION = YES;
				GCC_WARN_ABOUT_RETURN_TYPE = YES_ERROR;
				GCC_WARN_UNDECLARED_SELECTOR = YES;
				GCC_WARN_UNINITIALIZED_AUTOS = YES_AGGRESSIVE;
				GCC_WARN_UNUSED_FUNCTION = YES;
				GCC_WARN_UNUSED_VARIABLE = YES;
				MACOSX_DEPLOYMENT_TARGET = 10.9;
				MTL_ENABLE_DEBUG_INFO = NO;
				SDKROOT = macosx;
			};
			name = Release;
		};
		31B2E5F219E95AFA005AA054 /* Debug */ = {
			isa = XCBuildConfiguration;
			buildSettings = {
				PRODUCT_NAME = "$(TARGET_NAME)";
			};
			name = Debug;
		};
		31B2E5F319E95AFA005AA054 /* Release */ = {
			isa = XCBuildConfiguration;
			buildSettings = {
				PRODUCT_NAME = "$(TARGET_NAME)";
			};
			name = Release;
		};
/* End XCBuildConfiguration section */

/* Begin XCConfigurationList section */
		31B2E5E519E95AFA005AA054 /* Build configuration list for PBXProject "Card Games" */ = {
			isa = XCConfigurationList;
			buildConfigurations = (
				31B2E5EF19E95AFA005AA054 /* Debug */,
				31B2E5F019E95AFA005AA054 /* Release */,
			);
			defaultConfigurationIsVisible = 0;
			defaultConfigurationName = Release;
		};
		31B2E5F119E95AFA005AA054 /* Build configuration list for PBXNativeTarget "Card Games" */ = {
			isa = XCConfigurationList;
			buildConfigurations = (
				31B2E5F219E95AFA005AA054 /* Debug */,
				31B2E5F319E95AFA005AA054 /* Release */,
			);
			defaultConfigurationIsVisible = 0;
		};
/* End XCConfigurationList section */
	};
	rootObject = 31B2E5E219E95AFA005AA054 /* Project object */;
}
